// !$*UTF8*$!
{
	archiveVersion = 1;
	classes = {
	};
	objectVersion = 46;
	objects = {

/* Begin PBXBuildFile section */
		38F2C5681BB1702D00516144 /* MutableDataScanner.framework in Frameworks */ = {isa = PBXBuildFile; fileRef = 6AAEF2B01BACAEC00095A4F9 /* MutableDataScanner.framework */; };
		38F2C56A1BB1702F00516144 /* OAuthSwift.framework in Frameworks */ = {isa = PBXBuildFile; fileRef = 38F2C5691BB1702F00516144 /* OAuthSwift.framework */; };
		38F2C56C1BB1730100516144 /* OAuthSwift.framework in CopyFiles */ = {isa = PBXBuildFile; fileRef = 38F2C5691BB1702F00516144 /* OAuthSwift.framework */; settings = {ATTRIBUTES = (CodeSignOnCopy, RemoveHeadersOnCopy, ); }; };
		6AAEF2431BAC9E4E0095A4F9 /* TwitterAPI.h in Headers */ = {isa = PBXBuildFile; fileRef = 6AAEF2421BAC9E4E0095A4F9 /* TwitterAPI.h */; settings = {ATTRIBUTES = (Public, ); }; };
		6AAEF24A1BAC9E4E0095A4F9 /* TwitterAPI.framework in Frameworks */ = {isa = PBXBuildFile; fileRef = 6AAEF23F1BAC9E4E0095A4F9 /* TwitterAPI.framework */; };
		6AAEF24F1BAC9E4E0095A4F9 /* TwitterAPITests.swift in Sources */ = {isa = PBXBuildFile; fileRef = 6AAEF24E1BAC9E4E0095A4F9 /* TwitterAPITests.swift */; };
		6AAEF2751BAC9F390095A4F9 /* TwitterAPI.framework in Frameworks */ = {isa = PBXBuildFile; fileRef = 6AAEF26B1BAC9F390095A4F9 /* TwitterAPI.framework */; };
		6AAEF2831BACA00B0095A4F9 /* TwitterAPI.swift in Sources */ = {isa = PBXBuildFile; fileRef = 6AAEF2821BACA00B0095A4F9 /* TwitterAPI.swift */; };
		6AAEF2851BACA02B0095A4F9 /* Client.swift in Sources */ = {isa = PBXBuildFile; fileRef = 6AAEF2841BACA02B0095A4F9 /* Client.swift */; };
		6AAEF2871BACA03B0095A4F9 /* Request.swift in Sources */ = {isa = PBXBuildFile; fileRef = 6AAEF2861BACA03B0095A4F9 /* Request.swift */; };
		6AAEF28A1BACA0750095A4F9 /* TwitterAPI.swift in Sources */ = {isa = PBXBuildFile; fileRef = 6AAEF2821BACA00B0095A4F9 /* TwitterAPI.swift */; };
		6AAEF28B1BACA0760095A4F9 /* TwitterAPI.swift in Sources */ = {isa = PBXBuildFile; fileRef = 6AAEF2821BACA00B0095A4F9 /* TwitterAPI.swift */; };
		6AAEF28C1BACA0760095A4F9 /* TwitterAPI.swift in Sources */ = {isa = PBXBuildFile; fileRef = 6AAEF2821BACA00B0095A4F9 /* TwitterAPI.swift */; };
		6AAEF28D1BACA0790095A4F9 /* Client.swift in Sources */ = {isa = PBXBuildFile; fileRef = 6AAEF2841BACA02B0095A4F9 /* Client.swift */; };
		6AAEF28E1BACA0790095A4F9 /* Client.swift in Sources */ = {isa = PBXBuildFile; fileRef = 6AAEF2841BACA02B0095A4F9 /* Client.swift */; };
		6AAEF28F1BACA0790095A4F9 /* Client.swift in Sources */ = {isa = PBXBuildFile; fileRef = 6AAEF2841BACA02B0095A4F9 /* Client.swift */; };
		6AAEF2901BACA07C0095A4F9 /* Request.swift in Sources */ = {isa = PBXBuildFile; fileRef = 6AAEF2861BACA03B0095A4F9 /* Request.swift */; };
		6AAEF2921BACA07D0095A4F9 /* Request.swift in Sources */ = {isa = PBXBuildFile; fileRef = 6AAEF2861BACA03B0095A4F9 /* Request.swift */; };
		6AAEF2931BACA07D0095A4F9 /* Request.swift in Sources */ = {isa = PBXBuildFile; fileRef = 6AAEF2861BACA03B0095A4F9 /* Request.swift */; };
		6AAEF29E1BACA3F50095A4F9 /* TwitterAPITests.swift in Sources */ = {isa = PBXBuildFile; fileRef = 6AAEF24E1BAC9E4E0095A4F9 /* TwitterAPITests.swift */; };
		6AAEF2A91BACAB700095A4F9 /* OAuthSwift.framework in Frameworks */ = {isa = PBXBuildFile; fileRef = 6AAEF2A81BACAB700095A4F9 /* OAuthSwift.framework */; };
		6AAEF2AA1BACAB780095A4F9 /* OAuthSwift.framework in Frameworks */ = {isa = PBXBuildFile; fileRef = 6AAEF2A81BACAB700095A4F9 /* OAuthSwift.framework */; };
		6AAEF2AB1BACAB820095A4F9 /* OAuthSwift.framework in CopyFiles */ = {isa = PBXBuildFile; fileRef = 6AAEF2A81BACAB700095A4F9 /* OAuthSwift.framework */; settings = {ATTRIBUTES = (CodeSignOnCopy, RemoveHeadersOnCopy, ); }; };
		6AAEF2B31BACAF2C0095A4F9 /* MutableDataScanner.framework in Frameworks */ = {isa = PBXBuildFile; fileRef = 6AAEF2B01BACAEC00095A4F9 /* MutableDataScanner.framework */; };
		6AAEF2BB1BACB3E20095A4F9 /* MutableDataScanner.framework in CopyFiles */ = {isa = PBXBuildFile; fileRef = 6AAEF2B01BACAEC00095A4F9 /* MutableDataScanner.framework */; settings = {ATTRIBUTES = (CodeSignOnCopy, RemoveHeadersOnCopy, ); }; };
		6AAEF2BE1BACB4280095A4F9 /* MutableDataScanner.framework in Frameworks */ = {isa = PBXBuildFile; fileRef = 6AAEF2BD1BACB4280095A4F9 /* MutableDataScanner.framework */; };
		6AAEF2BF1BACB43C0095A4F9 /* MutableDataScanner.framework in CopyFiles */ = {isa = PBXBuildFile; fileRef = 6AAEF2BD1BACB4280095A4F9 /* MutableDataScanner.framework */; settings = {ATTRIBUTES = (CodeSignOnCopy, RemoveHeadersOnCopy, ); }; };
/* End PBXBuildFile section */

/* Begin PBXContainerItemProxy section */
		6AAEF24B1BAC9E4E0095A4F9 /* PBXContainerItemProxy */ = {
			isa = PBXContainerItemProxy;
			containerPortal = 6AAEF2361BAC9E4E0095A4F9 /* Project object */;
			proxyType = 1;
			remoteGlobalIDString = 6AAEF23E1BAC9E4E0095A4F9;
			remoteInfo = TwitterAPI;
		};
		6AAEF2761BAC9F390095A4F9 /* PBXContainerItemProxy */ = {
			isa = PBXContainerItemProxy;
			containerPortal = 6AAEF2361BAC9E4E0095A4F9 /* Project object */;
			proxyType = 1;
			remoteGlobalIDString = 6AAEF26A1BAC9F390095A4F9;
			remoteInfo = TwitterAPI;
		};
/* End PBXContainerItemProxy section */

/* Begin PBXCopyFilesBuildPhase section */
		6AAEF2A21BACA8E50095A4F9 /* CopyFiles */ = {
			isa = PBXCopyFilesBuildPhase;
			buildActionMask = 2147483647;
			dstPath = "";
			dstSubfolderSpec = 10;
			files = (
			);
			runOnlyForDeploymentPostprocessing = 0;
		};
		6AAEF2A61BACAB430095A4F9 /* CopyFiles */ = {
			isa = PBXCopyFilesBuildPhase;
			buildActionMask = 2147483647;
			dstPath = "";
			dstSubfolderSpec = 10;
			files = (
				6AAEF2AB1BACAB820095A4F9 /* OAuthSwift.framework in CopyFiles */,
				6AAEF2BF1BACB43C0095A4F9 /* MutableDataScanner.framework in CopyFiles */,
			);
			runOnlyForDeploymentPostprocessing = 0;
		};
		6AAEF2B61BACB1490095A4F9 /* CopyFiles */ = {
			isa = PBXCopyFilesBuildPhase;
			buildActionMask = 2147483647;
			dstPath = "";
			dstSubfolderSpec = 10;
			files = (
			);
			runOnlyForDeploymentPostprocessing = 0;
		};
		6AAEF2BA1BACB3D90095A4F9 /* CopyFiles */ = {
			isa = PBXCopyFilesBuildPhase;
			buildActionMask = 2147483647;
			dstPath = "";
			dstSubfolderSpec = 10;
			files = (
				38F2C56C1BB1730100516144 /* OAuthSwift.framework in CopyFiles */,
				6AAEF2BB1BACB3E20095A4F9 /* MutableDataScanner.framework in CopyFiles */,
			);
			runOnlyForDeploymentPostprocessing = 0;
		};
/* End PBXCopyFilesBuildPhase section */

/* Begin PBXFileReference section */
		38F2C5691BB1702F00516144 /* OAuthSwift.framework */ = {isa = PBXFileReference; lastKnownFileType = wrapper.framework; name = OAuthSwift.framework; path = Carthage/Build/Mac/OAuthSwift.framework; sourceTree = "<group>"; };
		6AAEF23F1BAC9E4E0095A4F9 /* TwitterAPI.framework */ = {isa = PBXFileReference; explicitFileType = wrapper.framework; includeInIndex = 0; path = TwitterAPI.framework; sourceTree = BUILT_PRODUCTS_DIR; };
		6AAEF2421BAC9E4E0095A4F9 /* TwitterAPI.h */ = {isa = PBXFileReference; lastKnownFileType = sourcecode.c.h; path = TwitterAPI.h; sourceTree = "<group>"; };
		6AAEF2441BAC9E4E0095A4F9 /* Info.plist */ = {isa = PBXFileReference; lastKnownFileType = text.plist.xml; path = Info.plist; sourceTree = "<group>"; };
		6AAEF2491BAC9E4E0095A4F9 /* TwitterAPI iOS Tests.xctest */ = {isa = PBXFileReference; explicitFileType = wrapper.cfbundle; includeInIndex = 0; path = "TwitterAPI iOS Tests.xctest"; sourceTree = BUILT_PRODUCTS_DIR; };
		6AAEF24E1BAC9E4E0095A4F9 /* TwitterAPITests.swift */ = {isa = PBXFileReference; lastKnownFileType = sourcecode.swift; path = TwitterAPITests.swift; sourceTree = "<group>"; };
		6AAEF2501BAC9E4E0095A4F9 /* Info.plist */ = {isa = PBXFileReference; lastKnownFileType = text.plist.xml; path = Info.plist; sourceTree = "<group>"; };
		6AAEF26B1BAC9F390095A4F9 /* TwitterAPI.framework */ = {isa = PBXFileReference; explicitFileType = wrapper.framework; includeInIndex = 0; path = TwitterAPI.framework; sourceTree = BUILT_PRODUCTS_DIR; };
		6AAEF2741BAC9F390095A4F9 /* TwitterAPI Mac Tests.xctest */ = {isa = PBXFileReference; explicitFileType = wrapper.cfbundle; includeInIndex = 0; path = "TwitterAPI Mac Tests.xctest"; sourceTree = BUILT_PRODUCTS_DIR; };
		6AAEF2821BACA00B0095A4F9 /* TwitterAPI.swift */ = {isa = PBXFileReference; fileEncoding = 4; lastKnownFileType = sourcecode.swift; path = TwitterAPI.swift; sourceTree = "<group>"; };
		6AAEF2841BACA02B0095A4F9 /* Client.swift */ = {isa = PBXFileReference; fileEncoding = 4; lastKnownFileType = sourcecode.swift; path = Client.swift; sourceTree = "<group>"; };
		6AAEF2861BACA03B0095A4F9 /* Request.swift */ = {isa = PBXFileReference; fileEncoding = 4; lastKnownFileType = sourcecode.swift; path = Request.swift; sourceTree = "<group>"; };
		6AAEF2A81BACAB700095A4F9 /* OAuthSwift.framework */ = {isa = PBXFileReference; lastKnownFileType = wrapper.framework; name = OAuthSwift.framework; path = Carthage/Build/iOS/OAuthSwift.framework; sourceTree = "<group>"; };
		6AAEF2B01BACAEC00095A4F9 /* MutableDataScanner.framework */ = {isa = PBXFileReference; lastKnownFileType = wrapper.framework; name = MutableDataScanner.framework; path = Carthage/Build/Mac/MutableDataScanner.framework; sourceTree = "<group>"; };
		6AAEF2BD1BACB4280095A4F9 /* MutableDataScanner.framework */ = {isa = PBXFileReference; lastKnownFileType = wrapper.framework; name = MutableDataScanner.framework; path = Carthage/Build/iOS/MutableDataScanner.framework; sourceTree = "<group>"; };
/* End PBXFileReference section */

/* Begin PBXFrameworksBuildPhase section */
		6AAEF23B1BAC9E4E0095A4F9 /* Frameworks */ = {
			isa = PBXFrameworksBuildPhase;
			buildActionMask = 2147483647;
			files = (
				6AAEF2A91BACAB700095A4F9 /* OAuthSwift.framework in Frameworks */,
				6AAEF2BE1BACB4280095A4F9 /* MutableDataScanner.framework in Frameworks */,
			);
			runOnlyForDeploymentPostprocessing = 0;
		};
		6AAEF2461BAC9E4E0095A4F9 /* Frameworks */ = {
			isa = PBXFrameworksBuildPhase;
			buildActionMask = 2147483647;
			files = (
				6AAEF24A1BAC9E4E0095A4F9 /* TwitterAPI.framework in Frameworks */,
				6AAEF2AA1BACAB780095A4F9 /* OAuthSwift.framework in Frameworks */,
			);
			runOnlyForDeploymentPostprocessing = 0;
		};
		6AAEF2671BAC9F390095A4F9 /* Frameworks */ = {
			isa = PBXFrameworksBuildPhase;
			buildActionMask = 2147483647;
			files = (
				38F2C5681BB1702D00516144 /* MutableDataScanner.framework in Frameworks */,
				38F2C56A1BB1702F00516144 /* OAuthSwift.framework in Frameworks */,
			);
			runOnlyForDeploymentPostprocessing = 0;
		};
		6AAEF2711BAC9F390095A4F9 /* Frameworks */ = {
			isa = PBXFrameworksBuildPhase;
			buildActionMask = 2147483647;
			files = (
				6AAEF2B31BACAF2C0095A4F9 /* MutableDataScanner.framework in Frameworks */,
				6AAEF2751BAC9F390095A4F9 /* TwitterAPI.framework in Frameworks */,
			);
			runOnlyForDeploymentPostprocessing = 0;
		};
/* End PBXFrameworksBuildPhase section */

/* Begin PBXGroup section */
		6AAEF2351BAC9E4E0095A4F9 = {
			isa = PBXGroup;
			children = (
				6AAEF2411BAC9E4E0095A4F9 /* TwitterAPI */,
				6AAEF24D1BAC9E4E0095A4F9 /* TwitterAPITests */,
				6AAEF2A01BACA6980095A4F9 /* Frameworks */,
				6AAEF2401BAC9E4E0095A4F9 /* Products */,
			);
			sourceTree = "<group>";
		};
		6AAEF2401BAC9E4E0095A4F9 /* Products */ = {
			isa = PBXGroup;
			children = (
				6AAEF23F1BAC9E4E0095A4F9 /* TwitterAPI.framework */,
				6AAEF2491BAC9E4E0095A4F9 /* TwitterAPI iOS Tests.xctest */,
				6AAEF26B1BAC9F390095A4F9 /* TwitterAPI.framework */,
				6AAEF2741BAC9F390095A4F9 /* TwitterAPI Mac Tests.xctest */,
			);
			name = Products;
			sourceTree = "<group>";
		};
		6AAEF2411BAC9E4E0095A4F9 /* TwitterAPI */ = {
			isa = PBXGroup;
			children = (
				6AAEF2421BAC9E4E0095A4F9 /* TwitterAPI.h */,
				6AAEF2821BACA00B0095A4F9 /* TwitterAPI.swift */,
				6AAEF2841BACA02B0095A4F9 /* Client.swift */,
				6AAEF2861BACA03B0095A4F9 /* Request.swift */,
				6AAEF2441BAC9E4E0095A4F9 /* Info.plist */,
			);
			path = TwitterAPI;
			sourceTree = "<group>";
		};
		6AAEF24D1BAC9E4E0095A4F9 /* TwitterAPITests */ = {
			isa = PBXGroup;
			children = (
				6AAEF24E1BAC9E4E0095A4F9 /* TwitterAPITests.swift */,
				6AAEF2501BAC9E4E0095A4F9 /* Info.plist */,
			);
			path = TwitterAPITests;
			sourceTree = "<group>";
		};
		6AAEF2A01BACA6980095A4F9 /* Frameworks */ = {
			isa = PBXGroup;
			children = (
				38F2C5691BB1702F00516144 /* OAuthSwift.framework */,
				6AAEF2BD1BACB4280095A4F9 /* MutableDataScanner.framework */,
				6AAEF2A81BACAB700095A4F9 /* OAuthSwift.framework */,
				6AAEF2B01BACAEC00095A4F9 /* MutableDataScanner.framework */,
			);
			name = Frameworks;
			sourceTree = "<group>";
		};
/* End PBXGroup section */

/* Begin PBXHeadersBuildPhase section */
		6AAEF23C1BAC9E4E0095A4F9 /* Headers */ = {
			isa = PBXHeadersBuildPhase;
			buildActionMask = 2147483647;
			files = (
				6AAEF2431BAC9E4E0095A4F9 /* TwitterAPI.h in Headers */,
			);
			runOnlyForDeploymentPostprocessing = 0;
		};
		6AAEF2681BAC9F390095A4F9 /* Headers */ = {
			isa = PBXHeadersBuildPhase;
			buildActionMask = 2147483647;
			files = (
			);
			runOnlyForDeploymentPostprocessing = 0;
		};
/* End PBXHeadersBuildPhase section */

/* Begin PBXNativeTarget section */
		6AAEF23E1BAC9E4E0095A4F9 /* TwitterAPI iOS */ = {
			isa = PBXNativeTarget;
			buildConfigurationList = 6AAEF2531BAC9E4E0095A4F9 /* Build configuration list for PBXNativeTarget "TwitterAPI iOS" */;
			buildPhases = (
				6AAEF23A1BAC9E4E0095A4F9 /* Sources */,
				6AAEF23B1BAC9E4E0095A4F9 /* Frameworks */,
				6AAEF23C1BAC9E4E0095A4F9 /* Headers */,
				6AAEF23D1BAC9E4E0095A4F9 /* Resources */,
				6AAEF2A21BACA8E50095A4F9 /* CopyFiles */,
				389F37D31CA3D3840044A424 /* ShellScript */,
			);
			buildRules = (
			);
			dependencies = (
			);
			name = "TwitterAPI iOS";
			productName = TwitterAPI;
			productReference = 6AAEF23F1BAC9E4E0095A4F9 /* TwitterAPI.framework */;
			productType = "com.apple.product-type.framework";
		};
		6AAEF2481BAC9E4E0095A4F9 /* TwitterAPI iOS Tests */ = {
			isa = PBXNativeTarget;
			buildConfigurationList = 6AAEF2561BAC9E4E0095A4F9 /* Build configuration list for PBXNativeTarget "TwitterAPI iOS Tests" */;
			buildPhases = (
				6AAEF2451BAC9E4E0095A4F9 /* Sources */,
				6AAEF2461BAC9E4E0095A4F9 /* Frameworks */,
				6AAEF2471BAC9E4E0095A4F9 /* Resources */,
				6AAEF2A61BACAB430095A4F9 /* CopyFiles */,
			);
			buildRules = (
			);
			dependencies = (
				6AAEF24C1BAC9E4E0095A4F9 /* PBXTargetDependency */,
			);
			name = "TwitterAPI iOS Tests";
			productName = TwitterAPITests;
			productReference = 6AAEF2491BAC9E4E0095A4F9 /* TwitterAPI iOS Tests.xctest */;
			productType = "com.apple.product-type.bundle.unit-test";
		};
		6AAEF26A1BAC9F390095A4F9 /* TwitterAPI Mac */ = {
			isa = PBXNativeTarget;
			buildConfigurationList = 6AAEF27C1BAC9F390095A4F9 /* Build configuration list for PBXNativeTarget "TwitterAPI Mac" */;
			buildPhases = (
				6AAEF2661BAC9F390095A4F9 /* Sources */,
				6AAEF2671BAC9F390095A4F9 /* Frameworks */,
				6AAEF2681BAC9F390095A4F9 /* Headers */,
				6AAEF2691BAC9F390095A4F9 /* Resources */,
				6AAEF2B61BACB1490095A4F9 /* CopyFiles */,
			);
			buildRules = (
			);
			dependencies = (
			);
			name = "TwitterAPI Mac";
			productName = TwitterAPI;
			productReference = 6AAEF26B1BAC9F390095A4F9 /* TwitterAPI.framework */;
			productType = "com.apple.product-type.framework";
		};
		6AAEF2731BAC9F390095A4F9 /* TwitterAPI Mac Tests */ = {
			isa = PBXNativeTarget;
			buildConfigurationList = 6AAEF27F1BAC9F390095A4F9 /* Build configuration list for PBXNativeTarget "TwitterAPI Mac Tests" */;
			buildPhases = (
				6AAEF2701BAC9F390095A4F9 /* Sources */,
				6AAEF2711BAC9F390095A4F9 /* Frameworks */,
				6AAEF2721BAC9F390095A4F9 /* Resources */,
				6AAEF2BA1BACB3D90095A4F9 /* CopyFiles */,
			);
			buildRules = (
			);
			dependencies = (
				6AAEF2771BAC9F390095A4F9 /* PBXTargetDependency */,
			);
			name = "TwitterAPI Mac Tests";
			productName = TwitterAPITests;
			productReference = 6AAEF2741BAC9F390095A4F9 /* TwitterAPI Mac Tests.xctest */;
			productType = "com.apple.product-type.bundle.unit-test";
		};
/* End PBXNativeTarget section */

/* Begin PBXProject section */
		6AAEF2361BAC9E4E0095A4F9 /* Project object */ = {
			isa = PBXProject;
			attributes = {
				LastSwiftUpdateCheck = 0700;
				LastUpgradeCheck = 0800;
				ORGANIZATIONNAME = "Shinichiro Aska";
				TargetAttributes = {
					6AAEF23E1BAC9E4E0095A4F9 = {
						CreatedOnToolsVersion = 7.0;
						LastSwiftMigration = 0800;
					};
					6AAEF2481BAC9E4E0095A4F9 = {
						CreatedOnToolsVersion = 7.0;
						LastSwiftMigration = 0800;
					};
					6AAEF26A1BAC9F390095A4F9 = {
						CreatedOnToolsVersion = 7.0;
						LastSwiftMigration = 0800;
					};
					6AAEF2731BAC9F390095A4F9 = {
						CreatedOnToolsVersion = 7.0;
						LastSwiftMigration = 0800;
					};
				};
			};
			buildConfigurationList = 6AAEF2391BAC9E4E0095A4F9 /* Build configuration list for PBXProject "TwitterAPI" */;
			compatibilityVersion = "Xcode 3.2";
			developmentRegion = English;
			hasScannedForEncodings = 0;
			knownRegions = (
				en,
				Base,
			);
			mainGroup = 6AAEF2351BAC9E4E0095A4F9;
			productRefGroup = 6AAEF2401BAC9E4E0095A4F9 /* Products */;
			projectDirPath = "";
			projectRoot = "";
			targets = (
				6AAEF23E1BAC9E4E0095A4F9 /* TwitterAPI iOS */,
				6AAEF2481BAC9E4E0095A4F9 /* TwitterAPI iOS Tests */,
				6AAEF26A1BAC9F390095A4F9 /* TwitterAPI Mac */,
				6AAEF2731BAC9F390095A4F9 /* TwitterAPI Mac Tests */,
			);
		};
/* End PBXProject section */

/* Begin PBXResourcesBuildPhase section */
		6AAEF23D1BAC9E4E0095A4F9 /* Resources */ = {
			isa = PBXResourcesBuildPhase;
			buildActionMask = 2147483647;
			files = (
			);
			runOnlyForDeploymentPostprocessing = 0;
		};
		6AAEF2471BAC9E4E0095A4F9 /* Resources */ = {
			isa = PBXResourcesBuildPhase;
			buildActionMask = 2147483647;
			files = (
			);
			runOnlyForDeploymentPostprocessing = 0;
		};
		6AAEF2691BAC9F390095A4F9 /* Resources */ = {
			isa = PBXResourcesBuildPhase;
			buildActionMask = 2147483647;
			files = (
			);
			runOnlyForDeploymentPostprocessing = 0;
		};
		6AAEF2721BAC9F390095A4F9 /* Resources */ = {
			isa = PBXResourcesBuildPhase;
			buildActionMask = 2147483647;
			files = (
			);
			runOnlyForDeploymentPostprocessing = 0;
		};
/* End PBXResourcesBuildPhase section */

/* Begin PBXShellScriptBuildPhase section */
		389F37D31CA3D3840044A424 /* ShellScript */ = {
			isa = PBXShellScriptBuildPhase;
			buildActionMask = 2147483647;
			files = (
			);
			inputPaths = (
			);
			outputPaths = (
			);
			runOnlyForDeploymentPostprocessing = 0;
			shellPath = /bin/sh;
			shellScript = "if which swiftlint >/dev/null; then\n    swiftlint\nelse\n    echo \"SwiftLint does not exist, download from https://github.com/realm/SwiftLint\"\nfi";
		};
/* End PBXShellScriptBuildPhase section */

/* Begin PBXSourcesBuildPhase section */
		6AAEF23A1BAC9E4E0095A4F9 /* Sources */ = {
			isa = PBXSourcesBuildPhase;
			buildActionMask = 2147483647;
			files = (
				6AAEF2851BACA02B0095A4F9 /* Client.swift in Sources */,
				6AAEF2831BACA00B0095A4F9 /* TwitterAPI.swift in Sources */,
				6AAEF2871BACA03B0095A4F9 /* Request.swift in Sources */,
			);
			runOnlyForDeploymentPostprocessing = 0;
		};
		6AAEF2451BAC9E4E0095A4F9 /* Sources */ = {
			isa = PBXSourcesBuildPhase;
			buildActionMask = 2147483647;
			files = (
				6AAEF28A1BACA0750095A4F9 /* TwitterAPI.swift in Sources */,
				6AAEF24F1BAC9E4E0095A4F9 /* TwitterAPITests.swift in Sources */,
				6AAEF28D1BACA0790095A4F9 /* Client.swift in Sources */,
				6AAEF2901BACA07C0095A4F9 /* Request.swift in Sources */,
			);
			runOnlyForDeploymentPostprocessing = 0;
		};
		6AAEF2661BAC9F390095A4F9 /* Sources */ = {
			isa = PBXSourcesBuildPhase;
			buildActionMask = 2147483647;
			files = (
				6AAEF28E1BACA0790095A4F9 /* Client.swift in Sources */,
				6AAEF28B1BACA0760095A4F9 /* TwitterAPI.swift in Sources */,
				6AAEF2921BACA07D0095A4F9 /* Request.swift in Sources */,
			);
			runOnlyForDeploymentPostprocessing = 0;
		};
		6AAEF2701BAC9F390095A4F9 /* Sources */ = {
			isa = PBXSourcesBuildPhase;
			buildActionMask = 2147483647;
			files = (
				6AAEF28C1BACA0760095A4F9 /* TwitterAPI.swift in Sources */,
				6AAEF28F1BACA0790095A4F9 /* Client.swift in Sources */,
				6AAEF29E1BACA3F50095A4F9 /* TwitterAPITests.swift in Sources */,
				6AAEF2931BACA07D0095A4F9 /* Request.swift in Sources */,
			);
			runOnlyForDeploymentPostprocessing = 0;
		};
/* End PBXSourcesBuildPhase section */

/* Begin PBXTargetDependency section */
		6AAEF24C1BAC9E4E0095A4F9 /* PBXTargetDependency */ = {
			isa = PBXTargetDependency;
			target = 6AAEF23E1BAC9E4E0095A4F9 /* TwitterAPI iOS */;
			targetProxy = 6AAEF24B1BAC9E4E0095A4F9 /* PBXContainerItemProxy */;
		};
		6AAEF2771BAC9F390095A4F9 /* PBXTargetDependency */ = {
			isa = PBXTargetDependency;
			target = 6AAEF26A1BAC9F390095A4F9 /* TwitterAPI Mac */;
			targetProxy = 6AAEF2761BAC9F390095A4F9 /* PBXContainerItemProxy */;
		};
/* End PBXTargetDependency section */

/* Begin XCBuildConfiguration section */
		6AAEF2511BAC9E4E0095A4F9 /* Debug */ = {
			isa = XCBuildConfiguration;
			buildSettings = {
				ALWAYS_SEARCH_USER_PATHS = NO;
				CLANG_CXX_LANGUAGE_STANDARD = "gnu++0x";
				CLANG_CXX_LIBRARY = "libc++";
				CLANG_ENABLE_MODULES = YES;
				CLANG_ENABLE_OBJC_ARC = YES;
				CLANG_WARN_BOOL_CONVERSION = YES;
				CLANG_WARN_CONSTANT_CONVERSION = YES;
				CLANG_WARN_DIRECT_OBJC_ISA_USAGE = YES_ERROR;
				CLANG_WARN_EMPTY_BODY = YES;
				CLANG_WARN_ENUM_CONVERSION = YES;
				CLANG_WARN_INFINITE_RECURSION = YES;
				CLANG_WARN_INT_CONVERSION = YES;
				CLANG_WARN_OBJC_ROOT_CLASS = YES_ERROR;
				CLANG_WARN_SUSPICIOUS_MOVE = YES;
				CLANG_WARN_UNREACHABLE_CODE = YES;
				CLANG_WARN__DUPLICATE_METHOD_MATCH = YES;
				"CODE_SIGN_IDENTITY[sdk=iphoneos*]" = "iPhone Developer";
				COPY_PHASE_STRIP = NO;
				CURRENT_PROJECT_VERSION = 1;
				DEBUG_INFORMATION_FORMAT = dwarf;
				ENABLE_STRICT_OBJC_MSGSEND = YES;
				ENABLE_TESTABILITY = YES;
				GCC_C_LANGUAGE_STANDARD = gnu99;
				GCC_DYNAMIC_NO_PIC = NO;
				GCC_NO_COMMON_BLOCKS = YES;
				GCC_OPTIMIZATION_LEVEL = 0;
				GCC_PREPROCESSOR_DEFINITIONS = (
					"DEBUG=1",
					"$(inherited)",
				);
				GCC_WARN_64_TO_32_BIT_CONVERSION = YES;
				GCC_WARN_ABOUT_RETURN_TYPE = YES_ERROR;
				GCC_WARN_UNDECLARED_SELECTOR = YES;
				GCC_WARN_UNINITIALIZED_AUTOS = YES_AGGRESSIVE;
				GCC_WARN_UNUSED_FUNCTION = YES;
				GCC_WARN_UNUSED_VARIABLE = YES;
				IPHONEOS_DEPLOYMENT_TARGET = 9.0;
				MTL_ENABLE_DEBUG_INFO = YES;
				ONLY_ACTIVE_ARCH = YES;
				SDKROOT = iphoneos;
				SWIFT_OPTIMIZATION_LEVEL = "-Onone";
				TARGETED_DEVICE_FAMILY = "1,2";
				VERSIONING_SYSTEM = "apple-generic";
				VERSION_INFO_PREFIX = "";
			};
			name = Debug;
		};
		6AAEF2521BAC9E4E0095A4F9 /* Release */ = {
			isa = XCBuildConfiguration;
			buildSettings = {
				ALWAYS_SEARCH_USER_PATHS = NO;
				CLANG_CXX_LANGUAGE_STANDARD = "gnu++0x";
				CLANG_CXX_LIBRARY = "libc++";
				CLANG_ENABLE_MODULES = YES;
				CLANG_ENABLE_OBJC_ARC = YES;
				CLANG_WARN_BOOL_CONVERSION = YES;
				CLANG_WARN_CONSTANT_CONVERSION = YES;
				CLANG_WARN_DIRECT_OBJC_ISA_USAGE = YES_ERROR;
				CLANG_WARN_EMPTY_BODY = YES;
				CLANG_WARN_ENUM_CONVERSION = YES;
				CLANG_WARN_INFINITE_RECURSION = YES;
				CLANG_WARN_INT_CONVERSION = YES;
				CLANG_WARN_OBJC_ROOT_CLASS = YES_ERROR;
				CLANG_WARN_SUSPICIOUS_MOVE = YES;
				CLANG_WARN_UNREACHABLE_CODE = YES;
				CLANG_WARN__DUPLICATE_METHOD_MATCH = YES;
				"CODE_SIGN_IDENTITY[sdk=iphoneos*]" = "iPhone Developer";
				COPY_PHASE_STRIP = NO;
				CURRENT_PROJECT_VERSION = 1;
				DEBUG_INFORMATION_FORMAT = "dwarf-with-dsym";
				ENABLE_NS_ASSERTIONS = NO;
				ENABLE_STRICT_OBJC_MSGSEND = YES;
				GCC_C_LANGUAGE_STANDARD = gnu99;
				GCC_NO_COMMON_BLOCKS = YES;
				GCC_WARN_64_TO_32_BIT_CONVERSION = YES;
				GCC_WARN_ABOUT_RETURN_TYPE = YES_ERROR;
				GCC_WARN_UNDECLARED_SELECTOR = YES;
				GCC_WARN_UNINITIALIZED_AUTOS = YES_AGGRESSIVE;
				GCC_WARN_UNUSED_FUNCTION = YES;
				GCC_WARN_UNUSED_VARIABLE = YES;
				IPHONEOS_DEPLOYMENT_TARGET = 9.0;
				MTL_ENABLE_DEBUG_INFO = NO;
				SDKROOT = iphoneos;
				SWIFT_OPTIMIZATION_LEVEL = "-Owholemodule";
				TARGETED_DEVICE_FAMILY = "1,2";
				VALIDATE_PRODUCT = YES;
				VERSIONING_SYSTEM = "apple-generic";
				VERSION_INFO_PREFIX = "";
			};
			name = Release;
		};
		6AAEF2541BAC9E4E0095A4F9 /* Debug */ = {
			isa = XCBuildConfiguration;
			buildSettings = {
				CLANG_ENABLE_MODULES = YES;
				CLANG_WARN_DOCUMENTATION_COMMENTS = YES;
				"CODE_SIGN_IDENTITY[sdk=iphoneos*]" = "";
				DEFINES_MODULE = YES;
				DYLIB_COMPATIBILITY_VERSION = 1;
				DYLIB_CURRENT_VERSION = 1;
				DYLIB_INSTALL_NAME_BASE = "@rpath";
				FRAMEWORK_SEARCH_PATHS = (
					"$(inherited)",
					"$(PROJECT_DIR)/Carthage/Build/iOS",
				);
				INFOPLIST_FILE = TwitterAPI/Info.plist;
				INSTALL_PATH = "$(LOCAL_LIBRARY_DIR)/Frameworks";
				LD_RUNPATH_SEARCH_PATHS = "$(inherited) @executable_path/Frameworks @loader_path/Frameworks";
				PRODUCT_BUNDLE_IDENTIFIER = pw.aska.TwitterAPI;
				PRODUCT_NAME = TwitterAPI;
				SKIP_INSTALL = YES;
				SWIFT_OPTIMIZATION_LEVEL = "-Onone";
				SWIFT_VERSION = 3.0;
			};
			name = Debug;
		};
		6AAEF2551BAC9E4E0095A4F9 /* Release */ = {
			isa = XCBuildConfiguration;
			buildSettings = {
				CLANG_ENABLE_MODULES = YES;
				CLANG_WARN_DOCUMENTATION_COMMENTS = YES;
				"CODE_SIGN_IDENTITY[sdk=iphoneos*]" = "";
				DEFINES_MODULE = YES;
				DYLIB_COMPATIBILITY_VERSION = 1;
				DYLIB_CURRENT_VERSION = 1;
				DYLIB_INSTALL_NAME_BASE = "@rpath";
				FRAMEWORK_SEARCH_PATHS = (
					"$(inherited)",
					"$(PROJECT_DIR)/Carthage/Build/iOS",
				);
				INFOPLIST_FILE = TwitterAPI/Info.plist;
				INSTALL_PATH = "$(LOCAL_LIBRARY_DIR)/Frameworks";
				LD_RUNPATH_SEARCH_PATHS = "$(inherited) @executable_path/Frameworks @loader_path/Frameworks";
				PRODUCT_BUNDLE_IDENTIFIER = pw.aska.TwitterAPI;
				PRODUCT_NAME = TwitterAPI;
				SKIP_INSTALL = YES;
				SWIFT_VERSION = 3.0;
			};
			name = Release;
		};
		6AAEF2571BAC9E4E0095A4F9 /* Debug */ = {
			isa = XCBuildConfiguration;
			buildSettings = {
				FRAMEWORK_SEARCH_PATHS = (
					"$(inherited)",
					"$(PROJECT_DIR)/Carthage/Build/iOS",
				);
				INFOPLIST_FILE = TwitterAPITests/Info.plist;
				LD_RUNPATH_SEARCH_PATHS = "$(inherited) @executable_path/Frameworks @loader_path/Frameworks";
				PRODUCT_BUNDLE_IDENTIFIER = pw.aska.TwitterAPITests;
				PRODUCT_NAME = "$(TARGET_NAME)";
				SWIFT_VERSION = 3.0;
			};
			name = Debug;
		};
		6AAEF2581BAC9E4E0095A4F9 /* Release */ = {
			isa = XCBuildConfiguration;
			buildSettings = {
				FRAMEWORK_SEARCH_PATHS = (
					"$(inherited)",
					"$(PROJECT_DIR)/Carthage/Build/iOS",
				);
				INFOPLIST_FILE = TwitterAPITests/Info.plist;
				LD_RUNPATH_SEARCH_PATHS = "$(inherited) @executable_path/Frameworks @loader_path/Frameworks";
				PRODUCT_BUNDLE_IDENTIFIER = pw.aska.TwitterAPITests;
				PRODUCT_NAME = "$(TARGET_NAME)";
				SWIFT_VERSION = 3.0;
			};
			name = Release;
		};
		6AAEF27D1BAC9F390095A4F9 /* Debug */ = {
			isa = XCBuildConfiguration;
			buildSettings = {
				COMBINE_HIDPI_IMAGES = YES;
				DEFINES_MODULE = YES;
				DYLIB_COMPATIBILITY_VERSION = 1;
				DYLIB_CURRENT_VERSION = 1;
				DYLIB_INSTALL_NAME_BASE = "@rpath";
				FRAMEWORK_SEARCH_PATHS = (
					"$(inherited)",
					"$(PROJECT_DIR)/Carthage/Build/Mac",
				);
				FRAMEWORK_VERSION = A;
				INFOPLIST_FILE = TwitterAPI/Info.plist;
				INSTALL_PATH = "$(LOCAL_LIBRARY_DIR)/Frameworks";
				LD_RUNPATH_SEARCH_PATHS = "$(inherited) @executable_path/Frameworks @loader_path/Frameworks";
				MACOSX_DEPLOYMENT_TARGET = 10.10;
				PRODUCT_BUNDLE_IDENTIFIER = pw.aska.TwitterAPI;
				PRODUCT_NAME = TwitterAPI;
				SDKROOT = macosx;
				SKIP_INSTALL = YES;
				SWIFT_VERSION = 3.0;
			};
			name = Debug;
		};
		6AAEF27E1BAC9F390095A4F9 /* Release */ = {
			isa = XCBuildConfiguration;
			buildSettings = {
				COMBINE_HIDPI_IMAGES = YES;
				DEFINES_MODULE = YES;
				DYLIB_COMPATIBILITY_VERSION = 1;
				DYLIB_CURRENT_VERSION = 1;
				DYLIB_INSTALL_NAME_BASE = "@rpath";
				FRAMEWORK_SEARCH_PATHS = (
					"$(inherited)",
					"$(PROJECT_DIR)/Carthage/Build/Mac",
				);
				FRAMEWORK_VERSION = A;
				INFOPLIST_FILE = TwitterAPI/Info.plist;
				INSTALL_PATH = "$(LOCAL_LIBRARY_DIR)/Frameworks";
				LD_RUNPATH_SEARCH_PATHS = "$(inherited) @executable_path/Frameworks @loader_path/Frameworks";
				MACOSX_DEPLOYMENT_TARGET = 10.10;
				PRODUCT_BUNDLE_IDENTIFIER = pw.aska.TwitterAPI;
				PRODUCT_NAME = TwitterAPI;
				SDKROOT = macosx;
				SKIP_INSTALL = YES;
				SWIFT_VERSION = 3.0;
			};
			name = Release;
		};
		6AAEF2801BAC9F390095A4F9 /* Debug */ = {
			isa = XCBuildConfiguration;
			buildSettings = {
				COMBINE_HIDPI_IMAGES = YES;
				FRAMEWORK_SEARCH_PATHS = (
					"$(inherited)",
					"$(PROJECT_DIR)/Carthage/Build/Mac",
				);
				INFOPLIST_FILE = TwitterAPITests/Info.plist;
				LD_RUNPATH_SEARCH_PATHS = "$(inherited) @executable_path/../Frameworks @loader_path/../Frameworks";
				MACOSX_DEPLOYMENT_TARGET = 10.10;
				PRODUCT_BUNDLE_IDENTIFIER = pw.aska.TwitterAPITests;
				PRODUCT_NAME = "$(TARGET_NAME)";
				SDKROOT = macosx;
				SWIFT_VERSION = 3.0;
			};
			name = Debug;
		};
		6AAEF2811BAC9F390095A4F9 /* Release */ = {
			isa = XCBuildConfiguration;
			buildSettings = {
				COMBINE_HIDPI_IMAGES = YES;
				FRAMEWORK_SEARCH_PATHS = (
					"$(inherited)",
					"$(PROJECT_DIR)/Carthage/Build/Mac",
				);
				INFOPLIST_FILE = TwitterAPITests/Info.plist;
				LD_RUNPATH_SEARCH_PATHS = "$(inherited) @executable_path/../Frameworks @loader_path/../Frameworks";
				MACOSX_DEPLOYMENT_TARGET = 10.10;
				PRODUCT_BUNDLE_IDENTIFIER = pw.aska.TwitterAPITests;
				PRODUCT_NAME = "$(TARGET_NAME)";
				SDKROOT = macosx;
				SWIFT_VERSION = 3.0;
			};
			name = Release;
		};
/* End XCBuildConfiguration section */

/* Begin XCConfigurationList section */
		6AAEF2391BAC9E4E0095A4F9 /* Build configuration list for PBXProject "TwitterAPI" */ = {
			isa = XCConfigurationList;
			buildConfigurations = (
				6AAEF2511BAC9E4E0095A4F9 /* Debug */,
				6AAEF2521BAC9E4E0095A4F9 /* Release */,
			);
			defaultConfigurationIsVisible = 0;
			defaultConfigurationName = Release;
		};
		6AAEF2531BAC9E4E0095A4F9 /* Build configuration list for PBXNativeTarget "TwitterAPI iOS" */ = {
			isa = XCConfigurationList;
			buildConfigurations = (
				6AAEF2541BAC9E4E0095A4F9 /* Debug */,
				6AAEF2551BAC9E4E0095A4F9 /* Release */,
			);
			defaultConfigurationIsVisible = 0;
			defaultConfigurationName = Release;
		};
		6AAEF2561BAC9E4E0095A4F9 /* Build configuration list for PBXNativeTarget "TwitterAPI iOS Tests" */ = {
			isa = XCConfigurationList;
			buildConfigurations = (
				6AAEF2571BAC9E4E0095A4F9 /* Debug */,
				6AAEF2581BAC9E4E0095A4F9 /* Release */,
			);
			defaultConfigurationIsVisible = 0;
			defaultConfigurationName = Release;
		};
		6AAEF27C1BAC9F390095A4F9 /* Build configuration list for PBXNativeTarget "TwitterAPI Mac" */ = {
			isa = XCConfigurationList;
			buildConfigurations = (
				6AAEF27D1BAC9F390095A4F9 /* Debug */,
				6AAEF27E1BAC9F390095A4F9 /* Release */,
			);
			defaultConfigurationIsVisible = 0;
			defaultConfigurationName = Release;
		};
		6AAEF27F1BAC9F390095A4F9 /* Build configuration list for PBXNativeTarget "TwitterAPI Mac Tests" */ = {
			isa = XCConfigurationList;
			buildConfigurations = (
				6AAEF2801BAC9F390095A4F9 /* Debug */,
				6AAEF2811BAC9F390095A4F9 /* Release */,
			);
			defaultConfigurationIsVisible = 0;
			defaultConfigurationName = Release;
		};
/* End XCConfigurationList section */
	};
	rootObject = 6AAEF2361BAC9E4E0095A4F9 /* Project object */;
}
